
Microsoft Visual Studio Solution File, Format Version 12.00
# Visual Studio 2013
VisualStudioVersion = 12.0.40629.0
MinimumVisualStudioVersion = 10.0.40219.1
Project("{8BC9CEB8-8B4A-11D0-8D11-00A0C91BC942}") = "BeatHeroes", "BeatHeroes\BeatHeroes.vcxproj", "{C51CB0E0-D78E-4D73-B247-07C6234207F3}"
EndProject
Global
	GlobalSection(SolutionConfigurationPlatforms) = preSolution
		Debug|Win32 = Debug|Win32
		Release|Win32 = Release|Win32
	EndGlobalSection
	GlobalSection(ProjectConfigurationPlatforms) = postSolution
		{C51CB0E0-D78E-4D73-B247-07C6234207F3}.Debug|Win32.ActiveCfg = Debug|Win32
		{C51CB0E0-D78E-4D73-B247-07C6234207F3}.Debug|Win32.Build.0 = Debug|Win32
		{C51CB0E0-D78E-4D73-B247-07C6234207F3}.Release|Win32.ActiveCfg = Release|Win32
		{C51CB0E0-D78E-4D73-B247-07C6234207F3}.Release|Win32.Build.0 = Release|Win32
	EndGlobalSection
	GlobalSection(SolutionProperties) = preSolution
		HideSolutionNode = FALSE
	EndGlobalSection
EndGlobal
