<?xml version="1.0" encoding="utf-8"?>
<Project ToolsVersion="4.0" xmlns="http://schemas.microsoft.com/developer/msbuild/2003">
  <ItemGroup>
    <Filter Include="Source Files">
      <UniqueIdentifier>{4FC737F1-C7A5-4376-A066-2A32D752A2FF}</UniqueIdentifier>
      <Extensions>cpp;c;cc;cxx;def;odl;idl;hpj;bat;asm;asmx</Extensions>
    </Filter>
    <Filter Include="Header Files">
      <UniqueIdentifier>{93995380-89BD-4b04-88EB-625FBE52EBFB}</UniqueIdentifier>
      <Extensions>h;hh;hpp;hxx;hm;inl;inc;xsd</Extensions>
    </Filter>
    <Filter Include="Resource Files">
      <UniqueIdentifier>{67DA6AB6-F800-4c08-8B7A-83BB121AAD01}</UniqueIdentifier>
      <Extensions>rc;ico;cur;bmp;dlg;rc2;rct;bin;rgs;gif;jpg;jpeg;jpe;resx;tiff;tif;png;wav;mfcribbon-ms</Extensions>
    </Filter>
    <Filter Include="Header Files\LuaWrapper">
      <UniqueIdentifier>{9aa0c590-6533-4ada-b1d7-0be058f64705}</UniqueIdentifier>
    </Filter>
    <Filter Include="Source Files\LuaWrapper">
      <UniqueIdentifier>{c1f2f77a-a570-4aa5-b256-359ce1c8653b}</UniqueIdentifier>
    </Filter>
    <Filter Include="Header Files\TiledLoader">
      <UniqueIdentifier>{a08d2bc8-bb3a-4293-87f6-5c4e107eb9d8}</UniqueIdentifier>
    </Filter>
    <Filter Include="Source Files\TiledLoader">
      <UniqueIdentifier>{02dbbc60-3409-43e3-a67c-39f344ad94d2}</UniqueIdentifier>
    </Filter>
  </ItemGroup>
  <ItemGroup>
    <Text Include="ReadMe.txt" />
  </ItemGroup>
  <ItemGroup>
    <ClCompile Include="Enemy.cpp">
      <Filter>Source Files</Filter>
    </ClCompile>
    <ClCompile Include="EnemyManager.cpp">
      <Filter>Source Files</Filter>
    </ClCompile>
    <ClCompile Include="GridItem.cpp">
      <Filter>Source Files</Filter>
    </ClCompile>
    <ClCompile Include="IAbility.cpp">
      <Filter>Source Files</Filter>
    </ClCompile>
    <ClCompile Include="IHero.cpp">
      <Filter>Source Files</Filter>
    </ClCompile>
    <ClCompile Include="LevelManager.cpp">
      <Filter>Source Files</Filter>
    </ClCompile>
    <ClCompile Include="main.cpp">
      <Filter>Source Files</Filter>
    </ClCompile>
    <ClCompile Include="Game.cpp">
      <Filter>Source Files</Filter>
    </ClCompile>
    <ClCompile Include="LuaWrapper\LUACallDispatcher.cpp">
      <Filter>Source Files\LuaWrapper</Filter>
    </ClCompile>
    <ClCompile Include="LuaWrapper\LUAEnvironment.cpp">
      <Filter>Source Files\LuaWrapper</Filter>
    </ClCompile>
    <ClCompile Include="LuaWrapper\LUAFunction.cpp">
      <Filter>Source Files\LuaWrapper</Filter>
    </ClCompile>
    <ClCompile Include="LuaWrapper\LuaObject.cpp">
      <Filter>Source Files\LuaWrapper</Filter>
    </ClCompile>
    <ClCompile Include="LuaWrapper\LUAWrapper.cpp">
      <Filter>Source Files\LuaWrapper</Filter>
    </ClCompile>
    <ClCompile Include="TinyXML2\tinyxml2.cpp">
      <Filter>Source Files\TiledLoader</Filter>
    </ClCompile>
  </ItemGroup>
  <ItemGroup>
    <ClInclude Include="Enemy.h">
      <Filter>Header Files</Filter>
    </ClInclude>
    <ClInclude Include="EnemyManager.h">
      <Filter>Header Files</Filter>
    </ClInclude>
    <ClInclude Include="GridItem.h">
      <Filter>Header Files</Filter>
    </ClInclude>
    <ClInclude Include="IAbility.h">
      <Filter>Header Files</Filter>
    </ClInclude>
    <ClInclude Include="IHero.h">
      <Filter>Header Files</Filter>
    </ClInclude>
    <ClInclude Include="LevelManager.h">
      <Filter>Header Files</Filter>
    </ClInclude>
    <ClInclude Include="Game.h">
      <Filter>Header Files</Filter>
    </ClInclude>
    <ClInclude Include="LuaWrapper\LUACallDispatcher.h">
      <Filter>Header Files\LuaWrapper</Filter>
    </ClInclude>
    <ClInclude Include="LuaWrapper\LUAEnvironment.h">
      <Filter>Header Files\LuaWrapper</Filter>
    </ClInclude>
    <ClInclude Include="LuaWrapper\LUAFunction.h">
      <Filter>Header Files\LuaWrapper</Filter>
    </ClInclude>
    <ClInclude Include="LuaWrapper\LUAObject.h">
      <Filter>Header Files\LuaWrapper</Filter>
    </ClInclude>
    <ClInclude Include="LuaWrapper\LUAWrapper.h">
      <Filter>Header Files\LuaWrapper</Filter>
    </ClInclude>
    <ClInclude Include="TinyXML2\tinyxml2.h">
      <Filter>Header Files\TiledLoader</Filter>
    </ClInclude>
  </ItemGroup>
</Project>